
Microsoft Visual Studio Solution File, Format Version 12.00
# Visual Studio Version 16
VisualStudioVersion = 16.0.29905.134
MinimumVisualStudioVersion = 10.0.40219.1
Project("{FAE04EC0-301F-11D3-BF4B-00C04F79EFBC}") = "RobinhoodDesktop", "RobinhoodDesktop\RobinhoodDesktop.csproj", "{282A66C8-44F2-47D7-9124-5BF3114BF769}"
EndProject
Project("{FAE04EC0-301F-11D3-BF4B-00C04F79EFBC}") = "RobinhoodNet", "RobinhoodDesktop\RobinhoodNet\RobinhoodNet\RobinhoodNet.csproj", "{4E7B4836-04A8-47FD-A634-3F99CF388977}"
EndProject
Global
	GlobalSection(SolutionConfigurationPlatforms) = preSolution
		Debug|Any CPU = Debug|Any CPU
		Debug|x64 = Debug|x64
		Release|Any CPU = Release|Any CPU
		Release|x64 = Release|x64
	EndGlobalSection
	GlobalSection(ProjectConfigurationPlatforms) = postSolution
		{282A66C8-44F2-47D7-9124-5BF3114BF769}.Debug|Any CPU.ActiveCfg = Debug|Any CPU
		{282A66C8-44F2-47D7-9124-5BF3114BF769}.Debug|Any CPU.Build.0 = Debug|Any CPU
		{282A66C8-44F2-47D7-9124-5BF3114BF769}.Debug|x64.ActiveCfg = Debug|x64
		{282A66C8-44F2-47D7-9124-5BF3114BF769}.Debug|x64.Build.0 = Debug|x64
		{282A66C8-44F2-47D7-9124-5BF3114BF769}.Release|Any CPU.ActiveCfg = Debug|Any CPU
		{282A66C8-44F2-47D7-9124-5BF3114BF769}.Release|Any CPU.Build.0 = Debug|Any CPU
		{282A66C8-44F2-47D7-9124-5BF3114BF769}.Release|x64.ActiveCfg = Debug|Any CPU
		{282A66C8-44F2-47D7-9124-5BF3114BF769}.Release|x64.Build.0 = Debug|Any CPU
		{4E7B4836-04A8-47FD-A634-3F99CF388977}.Debug|Any CPU.ActiveCfg = Debug|Any CPU
		{4E7B4836-04A8-47FD-A634-3F99CF388977}.Debug|Any CPU.Build.0 = Debug|Any CPU
		{4E7B4836-04A8-47FD-A634-3F99CF388977}.Debug|x64.ActiveCfg = Debug|Any CPU
		{4E7B4836-04A8-47FD-A634-3F99CF388977}.Debug|x64.Build.0 = Debug|Any CPU
		{4E7B4836-04A8-47FD-A634-3F99CF388977}.Release|Any CPU.ActiveCfg = Debug|Any CPU
		{4E7B4836-04A8-47FD-A634-3F99CF388977}.Release|Any CPU.Build.0 = Debug|Any CPU
		{4E7B4836-04A8-47FD-A634-3F99CF388977}.Release|x64.ActiveCfg = Debug|Any CPU
		{4E7B4836-04A8-47FD-A634-3F99CF388977}.Release|x64.Build.0 = Debug|Any CPU
	EndGlobalSection
	GlobalSection(SolutionProperties) = preSolution
		HideSolutionNode = FALSE
	EndGlobalSection
	GlobalSection(ExtensibilityGlobals) = postSolution
		SolutionGuid = {D390A296-61C3-42D1-99E5-4D64902A5BCE}
	EndGlobalSection
EndGlobal
